
Microsoft Visual Studio Solution File, Format Version 12.00
# Visual Studio 14
VisualStudioVersion = 14.0.23107.0
MinimumVisualStudioVersion = 10.0.40219.1
Project("{FAE04EC0-301F-11D3-BF4B-00C04F79EFBC}") = "Models", "Models\Models.csproj", "{CCB83BD6-BC3D-41B3-91F8-2D5641D697D5}"
EndProject
Project("{FAE04EC0-301F-11D3-BF4B-00C04F79EFBC}") = "DAL", "DAL\DAL.csproj", "{830FEF81-DAB3-4446-A6FB-DF89C372B7DF}"
EndProject
Project("{FAE04EC0-301F-11D3-BF4B-00C04F79EFBC}") = "BLL", "BLL\BLL.csproj", "{6BC31070-4D4F-4283-874C-99F019BCA339}"
EndProject
Project("{FAE04EC0-301F-11D3-BF4B-00C04F79EFBC}") = "IDAL", "IDAL\IDAL.csproj", "{C732BAAC-5E62-435B-990F-96A2DB8A9A85}"
EndProject
Project("{FAE04EC0-301F-11D3-BF4B-00C04F79EFBC}") = "DALFactory", "DALFactory\DALFactory.csproj", "{1906904C-EB54-4F31-B2F4-781F67EC4109}"
EndProject
Project("{FAE04EC0-301F-11D3-BF4B-00C04F79EFBC}") = "Web", "Web\Web.csproj", "{567F34AA-9119-4332-8B2D-5B04598BAD0C}"
EndProject
Global
	GlobalSection(SolutionConfigurationPlatforms) = preSolution
		Debug|Any CPU = Debug|Any CPU
		Release|Any CPU = Release|Any CPU
	EndGlobalSection
	GlobalSection(ProjectConfigurationPlatforms) = postSolution
		{CCB83BD6-BC3D-41B3-91F8-2D5641D697D5}.Debug|Any CPU.ActiveCfg = Debug|Any CPU
		{CCB83BD6-BC3D-41B3-91F8-2D5641D697D5}.Debug|Any CPU.Build.0 = Debug|Any CPU
		{CCB83BD6-BC3D-41B3-91F8-2D5641D697D5}.Release|Any CPU.ActiveCfg = Release|Any CPU
		{CCB83BD6-BC3D-41B3-91F8-2D5641D697D5}.Release|Any CPU.Build.0 = Release|Any CPU
		{830FEF81-DAB3-4446-A6FB-DF89C372B7DF}.Debug|Any CPU.ActiveCfg = Debug|Any CPU
		{830FEF81-DAB3-4446-A6FB-DF89C372B7DF}.Debug|Any CPU.Build.0 = Debug|Any CPU
		{830FEF81-DAB3-4446-A6FB-DF89C372B7DF}.Release|Any CPU.ActiveCfg = Release|Any CPU
		{830FEF81-DAB3-4446-A6FB-DF89C372B7DF}.Release|Any CPU.Build.0 = Release|Any CPU
		{6BC31070-4D4F-4283-874C-99F019BCA339}.Debug|Any CPU.ActiveCfg = Debug|Any CPU
		{6BC31070-4D4F-4283-874C-99F019BCA339}.Debug|Any CPU.Build.0 = Debug|Any CPU
		{6BC31070-4D4F-4283-874C-99F019BCA339}.Release|Any CPU.ActiveCfg = Release|Any CPU
		{6BC31070-4D4F-4283-874C-99F019BCA339}.Release|Any CPU.Build.0 = Release|Any CPU
		{C732BAAC-5E62-435B-990F-96A2DB8A9A85}.Debug|Any CPU.ActiveCfg = Debug|Any CPU
		{C732BAAC-5E62-435B-990F-96A2DB8A9A85}.Debug|Any CPU.Build.0 = Debug|Any CPU
		{C732BAAC-5E62-435B-990F-96A2DB8A9A85}.Release|Any CPU.ActiveCfg = Release|Any CPU
		{C732BAAC-5E62-435B-990F-96A2DB8A9A85}.Release|Any CPU.Build.0 = Release|Any CPU
		{1906904C-EB54-4F31-B2F4-781F67EC4109}.Debug|Any CPU.ActiveCfg = Debug|Any CPU
		{1906904C-EB54-4F31-B2F4-781F67EC4109}.Debug|Any CPU.Build.0 = Debug|Any CPU
		{1906904C-EB54-4F31-B2F4-781F67EC4109}.Release|Any CPU.ActiveCfg = Release|Any CPU
		{1906904C-EB54-4F31-B2F4-781F67EC4109}.Release|Any CPU.Build.0 = Release|Any CPU
		{567F34AA-9119-4332-8B2D-5B04598BAD0C}.Debug|Any CPU.ActiveCfg = Debug|Any CPU
		{567F34AA-9119-4332-8B2D-5B04598BAD0C}.Debug|Any CPU.Build.0 = Debug|Any CPU
		{567F34AA-9119-4332-8B2D-5B04598BAD0C}.Release|Any CPU.ActiveCfg = Release|Any CPU
		{567F34AA-9119-4332-8B2D-5B04598BAD0C}.Release|Any CPU.Build.0 = Release|Any CPU
	EndGlobalSection
	GlobalSection(SolutionProperties) = preSolution
		HideSolutionNode = FALSE
	EndGlobalSection
EndGlobal
